
Microsoft Visual Studio Solution File, Format Version 12.00
# Visual Studio Version 17
VisualStudioVersion = 17.3.32929.385
MinimumVisualStudioVersion = 10.0.40219.1
Project("{2150E333-8FDC-42A3-9474-1A3956D46DE8}") = "Mustard.UI", "Mustard.UI", "{3B26E015-A12F-4A9D-B28A-E62A41DDA969}"
EndProject
Project("{2150E333-8FDC-42A3-9474-1A3956D46DE8}") = "Mustard.Base", "Mustard.Base", "{AE1CA29C-FEBE-4467-8E44-926C11A0BF9E}"
EndProject
Project("{2150E333-8FDC-42A3-9474-1A3956D46DE8}") = "Mustard.Interfaces", "Mustard.Interfaces", "{99D0745A-3AC9-42D7-B30B-418297C13A41}"
EndProject
Project("{9A19103F-16F7-4668-BE54-9A1E7A4F7556}") = "Mustard.Base.Attributes", "Mustard.Base\Mustard.Base.Attributes\Mustard.Base.Attributes.csproj", "{A99FC66C-3327-4CA7-9F96-CB3C679B6CBC}"
EndProject
Project("{9A19103F-16F7-4668-BE54-9A1E7A4F7556}") = "Mustard.Interfaces.Framework", "Mustard.Interfaces\Mustard.Interfaces.Framework\Mustard.Interfaces.Framework.csproj", "{44BBB250-BC9E-4A0C-995D-C04CEFF828AA}"
EndProject
Project("{9A19103F-16F7-4668-BE54-9A1E7A4F7556}") = "Mustard.UI.Sunflower", "Mustard.UI\Mustard.UI.Sunflower\Mustard.UI.Sunflower.csproj", "{24410C15-B802-41C7-BC2F-AB3BF7B2A14F}"
EndProject
Project("{9A19103F-16F7-4668-BE54-9A1E7A4F7556}") = "Mustard.UI.Effect", "Mustard.UI\Mustard.UI.Effect\Mustard.UI.Effect.csproj", "{9F472CF1-CEB5-4160-AF49-F3135E4D55DB}"
EndProject
Project("{9A19103F-16F7-4668-BE54-9A1E7A4F7556}") = "Mustard.UI.Converter", "Mustard.UI\Mustard.UI.Converter\Mustard.UI.Converter.csproj", "{E7638831-5C4B-4D30-B319-4959FF56E227}"
EndProject
Project("{9A19103F-16F7-4668-BE54-9A1E7A4F7556}") = "Mustard.UI.MVVM", "Mustard.UI\Mustard.UI.MVVM\Mustard.UI.MVVM.csproj", "{D2855FEE-CD40-4E57-8D35-97EA25F05DC9}"
EndProject
Project("{9A19103F-16F7-4668-BE54-9A1E7A4F7556}") = "Mustard.Base.Toolset", "Mustard.Base\Mustard.Base.Toolset\Mustard.Base.Toolset.csproj", "{D4CBFF5C-CD9A-4A94-B775-37D1989AD485}"
EndProject
Project("{9A19103F-16F7-4668-BE54-9A1E7A4F7556}") = "Mustard.Base.Core", "Mustard.Base\Mustard.Base.Core\Mustard.Base.Core.csproj", "{94CB5621-680B-429E-AA9E-5FC0878E369D}"
EndProject
Project("{2150E333-8FDC-42A3-9474-1A3956D46DE8}") = "Mustard.Math", "Mustard.Math", "{32CC4557-0CAD-439C-BEC6-4F70F573DA6A}"
EndProject
Project("{8BC9CEB8-8B4A-11D0-8D11-00A0C91BC942}") = "Mustard.Math.SignalProcess", "Mustard.Math\Mustard.Math.SignalProcess\Mustard.Math.SignalProcess.vcxproj", "{053EB27F-F89F-4777-8A79-E34EC753726F}"
EndProject
Project("{9A19103F-16F7-4668-BE54-9A1E7A4F7556}") = "Mustard.Base.BaseDefinitions", "Mustard.Base\Mustard.Base.BaseDefinitions\Mustard.Base.BaseDefinitions.csproj", "{1D82D936-0F25-4C1F-B915-3E9D68E83AB7}"
EndProject
Project("{2150E333-8FDC-42A3-9474-1A3956D46DE8}") = "Demos", "Demos", "{76083C32-1C48-4A3F-81B7-721D112CF66B}"
EndProject
Project("{9A19103F-16F7-4668-BE54-9A1E7A4F7556}") = "Mustard.Demo", "Demos\Mustard.Demo\Mustard.Demo.csproj", "{7E31C88C-F96B-473C-B96A-A5BB925C366C}"
EndProject
Project("{9A19103F-16F7-4668-BE54-9A1E7A4F7556}") = "Mustard.Demo.TestPlugin", "Demos\Mustard.Demo.TestPlugin\Mustard.Demo.TestPlugin.csproj", "{62A819D7-7A93-4FFD-98AA-615867E4751B}"
EndProject
Project("{2150E333-8FDC-42A3-9474-1A3956D46DE8}") = "Mustard.UIExtension", "Mustard.UIExtension", "{94862B57-8275-4B03-963A-89CEAE7CA8B0}"
EndProject
Project("{9A19103F-16F7-4668-BE54-9A1E7A4F7556}") = "Mustard.UIExtension.PlotControl", "Mustard.UIExtension\Mustard.UIExtension.PlotControl\Mustard.UIExtension.PlotControl.csproj", "{A1CD26F2-DEB8-42EF-84C0-3681B810101E}"
EndProject
Project("{2150E333-8FDC-42A3-9474-1A3956D46DE8}") = "Mustard.Applications", "Mustard.Applications", "{E822E072-40A7-466D-B5D6-F33C741CE450}"
EndProject
Project("{2150E333-8FDC-42A3-9474-1A3956D46DE8}") = "CopyBook", "CopyBook", "{495E2359-988E-435C-99A6-15809A266737}"
EndProject
Project("{9A19103F-16F7-4668-BE54-9A1E7A4F7556}") = "CopyBookApp", "Mustard.Applications\CopyBookApp\CopyBookApp.csproj", "{EE20955A-6577-4A77-BF38-B01B168C1279}"
EndProject
Project("{9A19103F-16F7-4668-BE54-9A1E7A4F7556}") = "CopyBook.ViewModules", "Mustard.Applications\CopyBook.ViewModules\CopyBook.ViewModules.csproj", "{D80A16A2-A3F1-41B9-91AD-2E7D57512872}"
EndProject
Project("{9A19103F-16F7-4668-BE54-9A1E7A4F7556}") = "CopyBook.Core", "Mustard.Applications\CopyBook.Core\CopyBook.Core.csproj", "{38D35C0F-B373-4ED3-83E8-A77BF488316F}"
EndProject
Project("{2150E333-8FDC-42A3-9474-1A3956D46DE8}") = "Mustard.ToolSet", "Mustard.ToolSet", "{92947782-5DF9-4AA6-8A45-00B95D1F38FE}"
EndProject
Project("{9A19103F-16F7-4668-BE54-9A1E7A4F7556}") = "Mustard.Toolset.EverythingEngine", "Mustard.Toolset.EverythingEngine\Mustard.Toolset.EverythingEngine.csproj", "{839DCA90-31F7-42F6-83C1-09B2577905D8}"
EndProject
Project("{2150E333-8FDC-42A3-9474-1A3956D46DE8}") = "Mustard.DXEngine", "Mustard.DXEngine", "{EA9BC06D-ADBA-43E0-BC81-4CAD81201EFA}"
EndProject
Project("{8BC9CEB8-8B4A-11D0-8D11-00A0C91BC942}") = "Mustard.DXEngine.Core", "Mustard.DXEngine\Mustard.DXEngine.Core\Mustard.DXEngine.Core.vcxproj", "{FD1B6871-A015-43DD-8822-8AB020A0D2A4}"
EndProject
Global
	GlobalSection(SolutionConfigurationPlatforms) = preSolution
		Debug|Any CPU = Debug|Any CPU
		Debug|x64 = Debug|x64
		Debug|x86 = Debug|x86
		Release|Any CPU = Release|Any CPU
		Release|x64 = Release|x64
		Release|x86 = Release|x86
	EndGlobalSection
	GlobalSection(ProjectConfigurationPlatforms) = postSolution
		{A99FC66C-3327-4CA7-9F96-CB3C679B6CBC}.Debug|Any CPU.ActiveCfg = Debug|Any CPU
		{A99FC66C-3327-4CA7-9F96-CB3C679B6CBC}.Debug|Any CPU.Build.0 = Debug|Any CPU
		{A99FC66C-3327-4CA7-9F96-CB3C679B6CBC}.Debug|x64.ActiveCfg = Debug|Any CPU
		{A99FC66C-3327-4CA7-9F96-CB3C679B6CBC}.Debug|x64.Build.0 = Debug|Any CPU
		{A99FC66C-3327-4CA7-9F96-CB3C679B6CBC}.Debug|x86.ActiveCfg = Debug|Any CPU
		{A99FC66C-3327-4CA7-9F96-CB3C679B6CBC}.Debug|x86.Build.0 = Debug|Any CPU
		{A99FC66C-3327-4CA7-9F96-CB3C679B6CBC}.Release|Any CPU.ActiveCfg = Release|Any CPU
		{A99FC66C-3327-4CA7-9F96-CB3C679B6CBC}.Release|Any CPU.Build.0 = Release|Any CPU
		{A99FC66C-3327-4CA7-9F96-CB3C679B6CBC}.Release|x64.ActiveCfg = Release|Any CPU
		{A99FC66C-3327-4CA7-9F96-CB3C679B6CBC}.Release|x64.Build.0 = Release|Any CPU
		{A99FC66C-3327-4CA7-9F96-CB3C679B6CBC}.Release|x86.ActiveCfg = Release|Any CPU
		{A99FC66C-3327-4CA7-9F96-CB3C679B6CBC}.Release|x86.Build.0 = Release|Any CPU
		{44BBB250-BC9E-4A0C-995D-C04CEFF828AA}.Debug|Any CPU.ActiveCfg = Debug|Any CPU
		{44BBB250-BC9E-4A0C-995D-C04CEFF828AA}.Debug|Any CPU.Build.0 = Debug|Any CPU
		{44BBB250-BC9E-4A0C-995D-C04CEFF828AA}.Debug|x64.ActiveCfg = Debug|Any CPU
		{44BBB250-BC9E-4A0C-995D-C04CEFF828AA}.Debug|x64.Build.0 = Debug|Any CPU
		{44BBB250-BC9E-4A0C-995D-C04CEFF828AA}.Debug|x86.ActiveCfg = Debug|Any CPU
		{44BBB250-BC9E-4A0C-995D-C04CEFF828AA}.Debug|x86.Build.0 = Debug|Any CPU
		{44BBB250-BC9E-4A0C-995D-C04CEFF828AA}.Release|Any CPU.ActiveCfg = Release|Any CPU
		{44BBB250-BC9E-4A0C-995D-C04CEFF828AA}.Release|Any CPU.Build.0 = Release|Any CPU
		{44BBB250-BC9E-4A0C-995D-C04CEFF828AA}.Release|x64.ActiveCfg = Release|Any CPU
		{44BBB250-BC9E-4A0C-995D-C04CEFF828AA}.Release|x64.Build.0 = Release|Any CPU
		{44BBB250-BC9E-4A0C-995D-C04CEFF828AA}.Release|x86.ActiveCfg = Release|Any CPU
		{44BBB250-BC9E-4A0C-995D-C04CEFF828AA}.Release|x86.Build.0 = Release|Any CPU
		{24410C15-B802-41C7-BC2F-AB3BF7B2A14F}.Debug|Any CPU.ActiveCfg = Debug|Any CPU
		{24410C15-B802-41C7-BC2F-AB3BF7B2A14F}.Debug|Any CPU.Build.0 = Debug|Any CPU
		{24410C15-B802-41C7-BC2F-AB3BF7B2A14F}.Debug|x64.ActiveCfg = Debug|Any CPU
		{24410C15-B802-41C7-BC2F-AB3BF7B2A14F}.Debug|x64.Build.0 = Debug|Any CPU
		{24410C15-B802-41C7-BC2F-AB3BF7B2A14F}.Debug|x86.ActiveCfg = Debug|Any CPU
		{24410C15-B802-41C7-BC2F-AB3BF7B2A14F}.Debug|x86.Build.0 = Debug|Any CPU
		{24410C15-B802-41C7-BC2F-AB3BF7B2A14F}.Release|Any CPU.ActiveCfg = Release|Any CPU
		{24410C15-B802-41C7-BC2F-AB3BF7B2A14F}.Release|Any CPU.Build.0 = Release|Any CPU
		{24410C15-B802-41C7-BC2F-AB3BF7B2A14F}.Release|x64.ActiveCfg = Release|Any CPU
		{24410C15-B802-41C7-BC2F-AB3BF7B2A14F}.Release|x64.Build.0 = Release|Any CPU
		{24410C15-B802-41C7-BC2F-AB3BF7B2A14F}.Release|x86.ActiveCfg = Release|Any CPU
		{24410C15-B802-41C7-BC2F-AB3BF7B2A14F}.Release|x86.Build.0 = Release|Any CPU
		{9F472CF1-CEB5-4160-AF49-F3135E4D55DB}.Debug|Any CPU.ActiveCfg = Debug|Any CPU
		{9F472CF1-CEB5-4160-AF49-F3135E4D55DB}.Debug|Any CPU.Build.0 = Debug|Any CPU
		{9F472CF1-CEB5-4160-AF49-F3135E4D55DB}.Debug|x64.ActiveCfg = Debug|Any CPU
		{9F472CF1-CEB5-4160-AF49-F3135E4D55DB}.Debug|x64.Build.0 = Debug|Any CPU
		{9F472CF1-CEB5-4160-AF49-F3135E4D55DB}.Debug|x86.ActiveCfg = Debug|Any CPU
		{9F472CF1-CEB5-4160-AF49-F3135E4D55DB}.Debug|x86.Build.0 = Debug|Any CPU
		{9F472CF1-CEB5-4160-AF49-F3135E4D55DB}.Release|Any CPU.ActiveCfg = Release|Any CPU
		{9F472CF1-CEB5-4160-AF49-F3135E4D55DB}.Release|Any CPU.Build.0 = Release|Any CPU
		{9F472CF1-CEB5-4160-AF49-F3135E4D55DB}.Release|x64.ActiveCfg = Release|Any CPU
		{9F472CF1-CEB5-4160-AF49-F3135E4D55DB}.Release|x64.Build.0 = Release|Any CPU
		{9F472CF1-CEB5-4160-AF49-F3135E4D55DB}.Release|x86.ActiveCfg = Release|Any CPU
		{9F472CF1-CEB5-4160-AF49-F3135E4D55DB}.Release|x86.Build.0 = Release|Any CPU
		{E7638831-5C4B-4D30-B319-4959FF56E227}.Debug|Any CPU.ActiveCfg = Debug|Any CPU
		{E7638831-5C4B-4D30-B319-4959FF56E227}.Debug|Any CPU.Build.0 = Debug|Any CPU
		{E7638831-5C4B-4D30-B319-4959FF56E227}.Debug|x64.ActiveCfg = Debug|Any CPU
		{E7638831-5C4B-4D30-B319-4959FF56E227}.Debug|x64.Build.0 = Debug|Any CPU
		{E7638831-5C4B-4D30-B319-4959FF56E227}.Debug|x86.ActiveCfg = Debug|Any CPU
		{E7638831-5C4B-4D30-B319-4959FF56E227}.Debug|x86.Build.0 = Debug|Any CPU
		{E7638831-5C4B-4D30-B319-4959FF56E227}.Release|Any CPU.ActiveCfg = Release|Any CPU
		{E7638831-5C4B-4D30-B319-4959FF56E227}.Release|Any CPU.Build.0 = Release|Any CPU
		{E7638831-5C4B-4D30-B319-4959FF56E227}.Release|x64.ActiveCfg = Release|Any CPU
		{E7638831-5C4B-4D30-B319-4959FF56E227}.Release|x64.Build.0 = Release|Any CPU
		{E7638831-5C4B-4D30-B319-4959FF56E227}.Release|x86.ActiveCfg = Release|Any CPU
		{E7638831-5C4B-4D30-B319-4959FF56E227}.Release|x86.Build.0 = Release|Any CPU
		{D2855FEE-CD40-4E57-8D35-97EA25F05DC9}.Debug|Any CPU.ActiveCfg = Debug|Any CPU
		{D2855FEE-CD40-4E57-8D35-97EA25F05DC9}.Debug|Any CPU.Build.0 = Debug|Any CPU
		{D2855FEE-CD40-4E57-8D35-97EA25F05DC9}.Debug|x64.ActiveCfg = Debug|Any CPU
		{D2855FEE-CD40-4E57-8D35-97EA25F05DC9}.Debug|x64.Build.0 = Debug|Any CPU
		{D2855FEE-CD40-4E57-8D35-97EA25F05DC9}.Debug|x86.ActiveCfg = Debug|Any CPU
		{D2855FEE-CD40-4E57-8D35-97EA25F05DC9}.Debug|x86.Build.0 = Debug|Any CPU
		{D2855FEE-CD40-4E57-8D35-97EA25F05DC9}.Release|Any CPU.ActiveCfg = Release|Any CPU
		{D2855FEE-CD40-4E57-8D35-97EA25F05DC9}.Release|Any CPU.Build.0 = Release|Any CPU
		{D2855FEE-CD40-4E57-8D35-97EA25F05DC9}.Release|x64.ActiveCfg = Release|Any CPU
		{D2855FEE-CD40-4E57-8D35-97EA25F05DC9}.Release|x64.Build.0 = Release|Any CPU
		{D2855FEE-CD40-4E57-8D35-97EA25F05DC9}.Release|x86.ActiveCfg = Release|Any CPU
		{D2855FEE-CD40-4E57-8D35-97EA25F05DC9}.Release|x86.Build.0 = Release|Any CPU
		{D4CBFF5C-CD9A-4A94-B775-37D1989AD485}.Debug|Any CPU.ActiveCfg = Debug|Any CPU
		{D4CBFF5C-CD9A-4A94-B775-37D1989AD485}.Debug|Any CPU.Build.0 = Debug|Any CPU
		{D4CBFF5C-CD9A-4A94-B775-37D1989AD485}.Debug|x64.ActiveCfg = Debug|Any CPU
		{D4CBFF5C-CD9A-4A94-B775-37D1989AD485}.Debug|x64.Build.0 = Debug|Any CPU
		{D4CBFF5C-CD9A-4A94-B775-37D1989AD485}.Debug|x86.ActiveCfg = Debug|Any CPU
		{D4CBFF5C-CD9A-4A94-B775-37D1989AD485}.Debug|x86.Build.0 = Debug|Any CPU
		{D4CBFF5C-CD9A-4A94-B775-37D1989AD485}.Release|Any CPU.ActiveCfg = Release|Any CPU
		{D4CBFF5C-CD9A-4A94-B775-37D1989AD485}.Release|Any CPU.Build.0 = Release|Any CPU
		{D4CBFF5C-CD9A-4A94-B775-37D1989AD485}.Release|x64.ActiveCfg = Release|Any CPU
		{D4CBFF5C-CD9A-4A94-B775-37D1989AD485}.Release|x64.Build.0 = Release|Any CPU
		{D4CBFF5C-CD9A-4A94-B775-37D1989AD485}.Release|x86.ActiveCfg = Release|Any CPU
		{D4CBFF5C-CD9A-4A94-B775-37D1989AD485}.Release|x86.Build.0 = Release|Any CPU
		{94CB5621-680B-429E-AA9E-5FC0878E369D}.Debug|Any CPU.ActiveCfg = Debug|Any CPU
		{94CB5621-680B-429E-AA9E-5FC0878E369D}.Debug|Any CPU.Build.0 = Debug|Any CPU
		{94CB5621-680B-429E-AA9E-5FC0878E369D}.Debug|x64.ActiveCfg = Debug|Any CPU
		{94CB5621-680B-429E-AA9E-5FC0878E369D}.Debug|x64.Build.0 = Debug|Any CPU
		{94CB5621-680B-429E-AA9E-5FC0878E369D}.Debug|x86.ActiveCfg = Debug|Any CPU
		{94CB5621-680B-429E-AA9E-5FC0878E369D}.Debug|x86.Build.0 = Debug|Any CPU
		{94CB5621-680B-429E-AA9E-5FC0878E369D}.Release|Any CPU.ActiveCfg = Release|Any CPU
		{94CB5621-680B-429E-AA9E-5FC0878E369D}.Release|Any CPU.Build.0 = Release|Any CPU
		{94CB5621-680B-429E-AA9E-5FC0878E369D}.Release|x64.ActiveCfg = Release|Any CPU
		{94CB5621-680B-429E-AA9E-5FC0878E369D}.Release|x64.Build.0 = Release|Any CPU
		{94CB5621-680B-429E-AA9E-5FC0878E369D}.Release|x86.ActiveCfg = Release|Any CPU
		{94CB5621-680B-429E-AA9E-5FC0878E369D}.Release|x86.Build.0 = Release|Any CPU
		{053EB27F-F89F-4777-8A79-E34EC753726F}.Debug|Any CPU.ActiveCfg = Debug|x64
		{053EB27F-F89F-4777-8A79-E34EC753726F}.Debug|Any CPU.Build.0 = Debug|x64
		{053EB27F-F89F-4777-8A79-E34EC753726F}.Debug|x64.ActiveCfg = Debug|x64
		{053EB27F-F89F-4777-8A79-E34EC753726F}.Debug|x64.Build.0 = Debug|x64
		{053EB27F-F89F-4777-8A79-E34EC753726F}.Debug|x86.ActiveCfg = Debug|Win32
		{053EB27F-F89F-4777-8A79-E34EC753726F}.Debug|x86.Build.0 = Debug|Win32
		{053EB27F-F89F-4777-8A79-E34EC753726F}.Release|Any CPU.ActiveCfg = Release|x64
		{053EB27F-F89F-4777-8A79-E34EC753726F}.Release|Any CPU.Build.0 = Release|x64
		{053EB27F-F89F-4777-8A79-E34EC753726F}.Release|x64.ActiveCfg = Release|x64
		{053EB27F-F89F-4777-8A79-E34EC753726F}.Release|x64.Build.0 = Release|x64
		{053EB27F-F89F-4777-8A79-E34EC753726F}.Release|x86.ActiveCfg = Release|Win32
		{053EB27F-F89F-4777-8A79-E34EC753726F}.Release|x86.Build.0 = Release|Win32
		{1D82D936-0F25-4C1F-B915-3E9D68E83AB7}.Debug|Any CPU.ActiveCfg = Debug|Any CPU
		{1D82D936-0F25-4C1F-B915-3E9D68E83AB7}.Debug|Any CPU.Build.0 = Debug|Any CPU
		{1D82D936-0F25-4C1F-B915-3E9D68E83AB7}.Debug|x64.ActiveCfg = Debug|Any CPU
		{1D82D936-0F25-4C1F-B915-3E9D68E83AB7}.Debug|x64.Build.0 = Debug|Any CPU
		{1D82D936-0F25-4C1F-B915-3E9D68E83AB7}.Debug|x86.ActiveCfg = Debug|Any CPU
		{1D82D936-0F25-4C1F-B915-3E9D68E83AB7}.Debug|x86.Build.0 = Debug|Any CPU
		{1D82D936-0F25-4C1F-B915-3E9D68E83AB7}.Release|Any CPU.ActiveCfg = Release|Any CPU
		{1D82D936-0F25-4C1F-B915-3E9D68E83AB7}.Release|Any CPU.Build.0 = Release|Any CPU
		{1D82D936-0F25-4C1F-B915-3E9D68E83AB7}.Release|x64.ActiveCfg = Release|Any CPU
		{1D82D936-0F25-4C1F-B915-3E9D68E83AB7}.Release|x64.Build.0 = Release|Any CPU
		{1D82D936-0F25-4C1F-B915-3E9D68E83AB7}.Release|x86.ActiveCfg = Release|Any CPU
		{1D82D936-0F25-4C1F-B915-3E9D68E83AB7}.Release|x86.Build.0 = Release|Any CPU
		{7E31C88C-F96B-473C-B96A-A5BB925C366C}.Debug|Any CPU.ActiveCfg = Debug|Any CPU
		{7E31C88C-F96B-473C-B96A-A5BB925C366C}.Debug|Any CPU.Build.0 = Debug|Any CPU
		{7E31C88C-F96B-473C-B96A-A5BB925C366C}.Debug|x64.ActiveCfg = Debug|x64
		{7E31C88C-F96B-473C-B96A-A5BB925C366C}.Debug|x64.Build.0 = Debug|x64
		{7E31C88C-F96B-473C-B96A-A5BB925C366C}.Debug|x86.ActiveCfg = Debug|Any CPU
		{7E31C88C-F96B-473C-B96A-A5BB925C366C}.Debug|x86.Build.0 = Debug|Any CPU
		{7E31C88C-F96B-473C-B96A-A5BB925C366C}.Release|Any CPU.ActiveCfg = Release|Any CPU
		{7E31C88C-F96B-473C-B96A-A5BB925C366C}.Release|Any CPU.Build.0 = Release|Any CPU
		{7E31C88C-F96B-473C-B96A-A5BB925C366C}.Release|x64.ActiveCfg = Release|x64
		{7E31C88C-F96B-473C-B96A-A5BB925C366C}.Release|x64.Build.0 = Release|x64
		{7E31C88C-F96B-473C-B96A-A5BB925C366C}.Release|x86.ActiveCfg = Release|Any CPU
		{7E31C88C-F96B-473C-B96A-A5BB925C366C}.Release|x86.Build.0 = Release|Any CPU
		{62A819D7-7A93-4FFD-98AA-615867E4751B}.Debug|Any CPU.ActiveCfg = Debug|Any CPU
		{62A819D7-7A93-4FFD-98AA-615867E4751B}.Debug|Any CPU.Build.0 = Debug|Any CPU
		{62A819D7-7A93-4FFD-98AA-615867E4751B}.Debug|x64.ActiveCfg = Debug|Any CPU
		{62A819D7-7A93-4FFD-98AA-615867E4751B}.Debug|x64.Build.0 = Debug|Any CPU
		{62A819D7-7A93-4FFD-98AA-615867E4751B}.Debug|x86.ActiveCfg = Debug|Any CPU
		{62A819D7-7A93-4FFD-98AA-615867E4751B}.Debug|x86.Build.0 = Debug|Any CPU
		{62A819D7-7A93-4FFD-98AA-615867E4751B}.Release|Any CPU.ActiveCfg = Release|Any CPU
		{62A819D7-7A93-4FFD-98AA-615867E4751B}.Release|Any CPU.Build.0 = Release|Any CPU
		{62A819D7-7A93-4FFD-98AA-615867E4751B}.Release|x64.ActiveCfg = Release|Any CPU
		{62A819D7-7A93-4FFD-98AA-615867E4751B}.Release|x64.Build.0 = Release|Any CPU
		{62A819D7-7A93-4FFD-98AA-615867E4751B}.Release|x86.ActiveCfg = Release|Any CPU
		{62A819D7-7A93-4FFD-98AA-615867E4751B}.Release|x86.Build.0 = Release|Any CPU
		{A1CD26F2-DEB8-42EF-84C0-3681B810101E}.Debug|Any CPU.ActiveCfg = Debug|Any CPU
		{A1CD26F2-DEB8-42EF-84C0-3681B810101E}.Debug|Any CPU.Build.0 = Debug|Any CPU
		{A1CD26F2-DEB8-42EF-84C0-3681B810101E}.Debug|x64.ActiveCfg = Debug|Any CPU
		{A1CD26F2-DEB8-42EF-84C0-3681B810101E}.Debug|x64.Build.0 = Debug|Any CPU
		{A1CD26F2-DEB8-42EF-84C0-3681B810101E}.Debug|x86.ActiveCfg = Debug|Any CPU
		{A1CD26F2-DEB8-42EF-84C0-3681B810101E}.Debug|x86.Build.0 = Debug|Any CPU
		{A1CD26F2-DEB8-42EF-84C0-3681B810101E}.Release|Any CPU.ActiveCfg = Release|Any CPU
		{A1CD26F2-DEB8-42EF-84C0-3681B810101E}.Release|Any CPU.Build.0 = Release|Any CPU
		{A1CD26F2-DEB8-42EF-84C0-3681B810101E}.Release|x64.ActiveCfg = Release|Any CPU
		{A1CD26F2-DEB8-42EF-84C0-3681B810101E}.Release|x64.Build.0 = Release|Any CPU
		{A1CD26F2-DEB8-42EF-84C0-3681B810101E}.Release|x86.ActiveCfg = Release|Any CPU
		{A1CD26F2-DEB8-42EF-84C0-3681B810101E}.Release|x86.Build.0 = Release|Any CPU
		{EE20955A-6577-4A77-BF38-B01B168C1279}.Debug|Any CPU.ActiveCfg = Debug|Any CPU
		{EE20955A-6577-4A77-BF38-B01B168C1279}.Debug|Any CPU.Build.0 = Debug|Any CPU
		{EE20955A-6577-4A77-BF38-B01B168C1279}.Debug|x64.ActiveCfg = Debug|x64
		{EE20955A-6577-4A77-BF38-B01B168C1279}.Debug|x64.Build.0 = Debug|x64
		{EE20955A-6577-4A77-BF38-B01B168C1279}.Debug|x86.ActiveCfg = Debug|Any CPU
		{EE20955A-6577-4A77-BF38-B01B168C1279}.Debug|x86.Build.0 = Debug|Any CPU
		{EE20955A-6577-4A77-BF38-B01B168C1279}.Release|Any CPU.ActiveCfg = Release|Any CPU
		{EE20955A-6577-4A77-BF38-B01B168C1279}.Release|Any CPU.Build.0 = Release|Any CPU
		{EE20955A-6577-4A77-BF38-B01B168C1279}.Release|x64.ActiveCfg = Release|x64
		{EE20955A-6577-4A77-BF38-B01B168C1279}.Release|x64.Build.0 = Release|x64
		{EE20955A-6577-4A77-BF38-B01B168C1279}.Release|x86.ActiveCfg = Release|Any CPU
		{EE20955A-6577-4A77-BF38-B01B168C1279}.Release|x86.Build.0 = Release|Any CPU
		{D80A16A2-A3F1-41B9-91AD-2E7D57512872}.Debug|Any CPU.ActiveCfg = Debug|Any CPU
		{D80A16A2-A3F1-41B9-91AD-2E7D57512872}.Debug|Any CPU.Build.0 = Debug|Any CPU
		{D80A16A2-A3F1-41B9-91AD-2E7D57512872}.Debug|x64.ActiveCfg = Debug|Any CPU
		{D80A16A2-A3F1-41B9-91AD-2E7D57512872}.Debug|x64.Build.0 = Debug|Any CPU
		{D80A16A2-A3F1-41B9-91AD-2E7D57512872}.Debug|x86.ActiveCfg = Debug|Any CPU
		{D80A16A2-A3F1-41B9-91AD-2E7D57512872}.Debug|x86.Build.0 = Debug|Any CPU
		{D80A16A2-A3F1-41B9-91AD-2E7D57512872}.Release|Any CPU.ActiveCfg = Release|Any CPU
		{D80A16A2-A3F1-41B9-91AD-2E7D57512872}.Release|Any CPU.Build.0 = Release|Any CPU
		{D80A16A2-A3F1-41B9-91AD-2E7D57512872}.Release|x64.ActiveCfg = Release|Any CPU
		{D80A16A2-A3F1-41B9-91AD-2E7D57512872}.Release|x64.Build.0 = Release|Any CPU
		{D80A16A2-A3F1-41B9-91AD-2E7D57512872}.Release|x86.ActiveCfg = Release|Any CPU
		{D80A16A2-A3F1-41B9-91AD-2E7D57512872}.Release|x86.Build.0 = Release|Any CPU
		{38D35C0F-B373-4ED3-83E8-A77BF488316F}.Debug|Any CPU.ActiveCfg = Debug|Any CPU
		{38D35C0F-B373-4ED3-83E8-A77BF488316F}.Debug|Any CPU.Build.0 = Debug|Any CPU
		{38D35C0F-B373-4ED3-83E8-A77BF488316F}.Debug|x64.ActiveCfg = Debug|Any CPU
		{38D35C0F-B373-4ED3-83E8-A77BF488316F}.Debug|x64.Build.0 = Debug|Any CPU
		{38D35C0F-B373-4ED3-83E8-A77BF488316F}.Debug|x86.ActiveCfg = Debug|Any CPU
		{38D35C0F-B373-4ED3-83E8-A77BF488316F}.Debug|x86.Build.0 = Debug|Any CPU
		{38D35C0F-B373-4ED3-83E8-A77BF488316F}.Release|Any CPU.ActiveCfg = Release|Any CPU
		{38D35C0F-B373-4ED3-83E8-A77BF488316F}.Release|Any CPU.Build.0 = Release|Any CPU
		{38D35C0F-B373-4ED3-83E8-A77BF488316F}.Release|x64.ActiveCfg = Release|Any CPU
		{38D35C0F-B373-4ED3-83E8-A77BF488316F}.Release|x64.Build.0 = Release|Any CPU
		{38D35C0F-B373-4ED3-83E8-A77BF488316F}.Release|x86.ActiveCfg = Release|Any CPU
		{38D35C0F-B373-4ED3-83E8-A77BF488316F}.Release|x86.Build.0 = Release|Any CPU
		{839DCA90-31F7-42F6-83C1-09B2577905D8}.Debug|Any CPU.ActiveCfg = Debug|Any CPU
		{839DCA90-31F7-42F6-83C1-09B2577905D8}.Debug|Any CPU.Build.0 = Debug|Any CPU
		{839DCA90-31F7-42F6-83C1-09B2577905D8}.Debug|x64.ActiveCfg = Debug|Any CPU
		{839DCA90-31F7-42F6-83C1-09B2577905D8}.Debug|x64.Build.0 = Debug|Any CPU
		{839DCA90-31F7-42F6-83C1-09B2577905D8}.Debug|x86.ActiveCfg = Debug|Any CPU
		{839DCA90-31F7-42F6-83C1-09B2577905D8}.Debug|x86.Build.0 = Debug|Any CPU
		{839DCA90-31F7-42F6-83C1-09B2577905D8}.Release|Any CPU.ActiveCfg = Release|Any CPU
		{839DCA90-31F7-42F6-83C1-09B2577905D8}.Release|Any CPU.Build.0 = Release|Any CPU
		{839DCA90-31F7-42F6-83C1-09B2577905D8}.Release|x64.ActiveCfg = Release|Any CPU
		{839DCA90-31F7-42F6-83C1-09B2577905D8}.Release|x64.Build.0 = Release|Any CPU
		{839DCA90-31F7-42F6-83C1-09B2577905D8}.Release|x86.ActiveCfg = Release|Any CPU
		{839DCA90-31F7-42F6-83C1-09B2577905D8}.Release|x86.Build.0 = Release|Any CPU
		{FD1B6871-A015-43DD-8822-8AB020A0D2A4}.Debug|Any CPU.ActiveCfg = Debug|x64
		{FD1B6871-A015-43DD-8822-8AB020A0D2A4}.Debug|Any CPU.Build.0 = Debug|x64
		{FD1B6871-A015-43DD-8822-8AB020A0D2A4}.Debug|x64.ActiveCfg = Debug|x64
		{FD1B6871-A015-43DD-8822-8AB020A0D2A4}.Debug|x64.Build.0 = Debug|x64
		{FD1B6871-A015-43DD-8822-8AB020A0D2A4}.Debug|x86.ActiveCfg = Debug|Win32
		{FD1B6871-A015-43DD-8822-8AB020A0D2A4}.Debug|x86.Build.0 = Debug|Win32
		{FD1B6871-A015-43DD-8822-8AB020A0D2A4}.Release|Any CPU.ActiveCfg = Release|x64
		{FD1B6871-A015-43DD-8822-8AB020A0D2A4}.Release|Any CPU.Build.0 = Release|x64
		{FD1B6871-A015-43DD-8822-8AB020A0D2A4}.Release|x64.ActiveCfg = Release|x64
		{FD1B6871-A015-43DD-8822-8AB020A0D2A4}.Release|x64.Build.0 = Release|x64
		{FD1B6871-A015-43DD-8822-8AB020A0D2A4}.Release|x86.ActiveCfg = Release|Win32
		{FD1B6871-A015-43DD-8822-8AB020A0D2A4}.Release|x86.Build.0 = Release|Win32
	EndGlobalSection
	GlobalSection(SolutionProperties) = preSolution
		HideSolutionNode = FALSE
	EndGlobalSection
	GlobalSection(NestedProjects) = preSolution
		{A99FC66C-3327-4CA7-9F96-CB3C679B6CBC} = {AE1CA29C-FEBE-4467-8E44-926C11A0BF9E}
		{44BBB250-BC9E-4A0C-995D-C04CEFF828AA} = {99D0745A-3AC9-42D7-B30B-418297C13A41}
		{24410C15-B802-41C7-BC2F-AB3BF7B2A14F} = {3B26E015-A12F-4A9D-B28A-E62A41DDA969}
		{9F472CF1-CEB5-4160-AF49-F3135E4D55DB} = {3B26E015-A12F-4A9D-B28A-E62A41DDA969}
		{E7638831-5C4B-4D30-B319-4959FF56E227} = {3B26E015-A12F-4A9D-B28A-E62A41DDA969}
		{D2855FEE-CD40-4E57-8D35-97EA25F05DC9} = {3B26E015-A12F-4A9D-B28A-E62A41DDA969}
		{D4CBFF5C-CD9A-4A94-B775-37D1989AD485} = {AE1CA29C-FEBE-4467-8E44-926C11A0BF9E}
		{94CB5621-680B-429E-AA9E-5FC0878E369D} = {AE1CA29C-FEBE-4467-8E44-926C11A0BF9E}
		{053EB27F-F89F-4777-8A79-E34EC753726F} = {32CC4557-0CAD-439C-BEC6-4F70F573DA6A}
		{1D82D936-0F25-4C1F-B915-3E9D68E83AB7} = {AE1CA29C-FEBE-4467-8E44-926C11A0BF9E}
		{7E31C88C-F96B-473C-B96A-A5BB925C366C} = {76083C32-1C48-4A3F-81B7-721D112CF66B}
		{62A819D7-7A93-4FFD-98AA-615867E4751B} = {76083C32-1C48-4A3F-81B7-721D112CF66B}
		{A1CD26F2-DEB8-42EF-84C0-3681B810101E} = {94862B57-8275-4B03-963A-89CEAE7CA8B0}
		{495E2359-988E-435C-99A6-15809A266737} = {E822E072-40A7-466D-B5D6-F33C741CE450}
		{EE20955A-6577-4A77-BF38-B01B168C1279} = {495E2359-988E-435C-99A6-15809A266737}
		{D80A16A2-A3F1-41B9-91AD-2E7D57512872} = {495E2359-988E-435C-99A6-15809A266737}
		{38D35C0F-B373-4ED3-83E8-A77BF488316F} = {495E2359-988E-435C-99A6-15809A266737}
		{839DCA90-31F7-42F6-83C1-09B2577905D8} = {92947782-5DF9-4AA6-8A45-00B95D1F38FE}
		{FD1B6871-A015-43DD-8822-8AB020A0D2A4} = {EA9BC06D-ADBA-43E0-BC81-4CAD81201EFA}
	EndGlobalSection
	GlobalSection(ExtensibilityGlobals) = postSolution
		SolutionGuid = {A1F5D053-C8B6-4CB8-A197-E06763DBEA2D}
	EndGlobalSection
EndGlobal
